
Microsoft Visual Studio Solution File, Format Version 12.00
# Visual Studio Version 17
VisualStudioVersion = 17.0.31919.166
MinimumVisualStudioVersion = 10.0.40219.1
Project("{FAE04EC0-301F-11D3-BF4B-00C04F79EFBC}") = "Ebury Partners", "Ebury Partners\Ebury Partners.csproj", "{5A6B11DD-FA12-4113-A411-6DDE7F1296CE}"
EndProject
Global
	GlobalSection(SolutionConfigurationPlatforms) = preSolution
		Debug|Any CPU = Debug|Any CPU
		Release|Any CPU = Release|Any CPU
	EndGlobalSection
	GlobalSection(ProjectConfigurationPlatforms) = postSolution
		{5A6B11DD-FA12-4113-A411-6DDE7F1296CE}.Debug|Any CPU.ActiveCfg = Debug|Any CPU
		{5A6B11DD-FA12-4113-A411-6DDE7F1296CE}.Debug|Any CPU.Build.0 = Debug|Any CPU
		{5A6B11DD-FA12-4113-A411-6DDE7F1296CE}.Release|Any CPU.ActiveCfg = Release|Any CPU
		{5A6B11DD-FA12-4113-A411-6DDE7F1296CE}.Release|Any CPU.Build.0 = Release|Any CPU
	EndGlobalSection
	GlobalSection(SolutionProperties) = preSolution
		HideSolutionNode = FALSE
	EndGlobalSection
	GlobalSection(ExtensibilityGlobals) = postSolution
		SolutionGuid = {E1B80D2A-8D73-4916-8C86-2E33204B906A}
	EndGlobalSection
EndGlobal
